
Microsoft Visual Studio Solution File, Format Version 12.00
# Visual Studio Version 17
VisualStudioVersion = 17.5.33530.505
MinimumVisualStudioVersion = 10.0.40219.1
Project("{FAE04EC0-301F-11D3-BF4B-00C04F79EFBC}") = "Online Bookstore", "Online Bookstore\Online Bookstore.csproj", "{02DFF528-782E-4AC7-A1CC-7774F42B3F11}"
EndProject
Global
	GlobalSection(SolutionConfigurationPlatforms) = preSolution
		Debug|Any CPU = Debug|Any CPU
		Release|Any CPU = Release|Any CPU
	EndGlobalSection
	GlobalSection(ProjectConfigurationPlatforms) = postSolution
		{02DFF528-782E-4AC7-A1CC-7774F42B3F11}.Debug|Any CPU.ActiveCfg = Debug|Any CPU
		{02DFF528-782E-4AC7-A1CC-7774F42B3F11}.Debug|Any CPU.Build.0 = Debug|Any CPU
		{02DFF528-782E-4AC7-A1CC-7774F42B3F11}.Release|Any CPU.ActiveCfg = Release|Any CPU
		{02DFF528-782E-4AC7-A1CC-7774F42B3F11}.Release|Any CPU.Build.0 = Release|Any CPU
	EndGlobalSection
	GlobalSection(SolutionProperties) = preSolution
		HideSolutionNode = FALSE
	EndGlobalSection
	GlobalSection(ExtensibilityGlobals) = postSolution
		SolutionGuid = {CEBB3989-5D41-45E8-AD7F-75FE5225ACC5}
	EndGlobalSection
EndGlobal
